{
  "name": "m3p-elevenlabs-tools",
  "version": "1.0.0",
  "lockfileVersion": 3,
  "requires": true,
  "packages": {
    "": {
      "name": "m3p-elevenlabs-tools",
      "version": "1.0.0",
      "dependencies": {
        "@elevenlabs/cli": "1.3.2"
      }
    },
    "node_modules/@elevenlabs/cli": {
      "version": "1.3.2",
      "resolved": "https://registry.npmjs.org/@elevenlabs/cli/-/cli-1.3.2.tgz",
      "integrity": "sha512-7Qp3ETrGk5w9qkMiqpdgl1XNUjFk9oPak35wFrN3MbaUjWdg5dt9uGLDAsPRkrCEFqVD1jf29kF/VJnPqU3soA==",
      "bin": {
        "elevenlabs": "bin/cli.js"
      },
      "optionalDependencies": {
        "@elevenlabs/cli-darwin-arm64": "1.3.2",
        "@elevenlabs/cli-darwin-x64": "1.3.2",
        "@elevenlabs/cli-linux-arm64": "1.3.2",
        "@elevenlabs/cli-linux-x64": "1.3.2",
        "@elevenlabs/cli-win32-x64": "1.3.2"
      }
    },
    "node_modules/@elevenlabs/cli-darwin-arm64": {
      "version": "1.3.2",
      "resolved": "https://registry.npmjs.org/@elevenlabs/cli-darwin-arm64/-/cli-darwin-arm64-1.3.2.tgz",
      "integrity": "sha512-u7HzEG2P/LBQiBJYMKqKNzzWnw6KqHLwbmjZ6MZ0jFvcKwbMiTHQ1p3/xH8Sty6I8IVM8hDZQYniBODgLj9CdQ==",
      "cpu": [
        "arm64"
      ],
      "license": "MIT",
      "optional": true,
      "os": [
        "darwin"
      ]
    },
    "node_modules/@elevenlabs/cli-darwin-x64": {
      "version": "1.3.2",
      "resolved": "https://registry.npmjs.org/@elevenlabs/cli-darwin-x64/-/cli-darwin-x64-1.3.2.tgz",
      "integrity": "sha512-+9KpIIGJbedu2aSsD4p5YhbzsxXv07khwafwpX5LaumphF0IO8hNCNQPfWwKL30y8Ejyw+wWXOPICQn/b88+Uw==",
      "cpu": [
        "x64"
      ],
      "license": "MIT",
      "optional": true,
      "os": [
        "darwin"
      ]
    },
    "node_modules/@elevenlabs/cli-linux-arm64": {
      "version": "1.3.2",
      "resolved": "https://registry.npmjs.org/@elevenlabs/cli-linux-arm64/-/cli-linux-arm64-1.3.2.tgz",
      "integrity": "sha512-XJExlDr5iBZziwLSXGEv69rGpu6Yvn2l40U6oPLWSXUTy8IeSAzbJpaOPbCAycpUKyZx+nj2KxrcJCoXMqpxsA==",
      "cpu": [
        "arm64"
      ],
      "license": "MIT",
      "optional": true,
      "os": [
        "linux"
      ]
    },
    "node_modules/@elevenlabs/cli-linux-x64": {
      "version": "1.3.2",
      "resolved": "https://registry.npmjs.org/@elevenlabs/cli-linux-x64/-/cli-linux-x64-1.3.2.tgz",
      "integrity": "sha512-f8lNgfkykovaNC3OxHa2XJYxCGA8dbfyGmNo4ue+BNiIixy98v8Eduxy+aBE/yiImgiGOz6OXYR4mwI1d8UvQQ==",
      "cpu": [
        "x64"
      ],
      "license": "MIT",
      "optional": true,
      "os": [
        "linux"
      ]
    },
    "node_modules/@elevenlabs/cli-win32-x64": {
      "version": "1.3.2",
      "resolved": "https://registry.npmjs.org/@elevenlabs/cli-win32-x64/-/cli-win32-x64-1.3.2.tgz",
      "integrity": "sha512-KPheuYz8xD0Iuxppzz2/YFqVaU64C6SL9npbMc6gXU9rwhcDKW2/hpPVm8VRXDJxtvXz67pMHxkDB9lQAVLtHQ==",
      "cpu": [
        "x64"
      ],
      "license": "MIT",
      "optional": true,
      "os": [
        "win32"
      ]
    }
  }
}
